// !$*UTF8*$!
{
	archiveVersion = 1;
	classes = {
	};
	objectVersion = 50;
	objects = {

/* Begin PBXBuildFile section */
		D4EFAAC2264EE82300A2B0C7 /* AppDelegate.swift in Sources */ = {isa = PBXBuildFile; fileRef = D4EFAAC1264EE82300A2B0C7 /* AppDelegate.swift */; };
		D4EFAAC4264EE82300A2B0C7 /* SceneDelegate.swift in Sources */ = {isa = PBXBuildFile; fileRef = D4EFAAC3264EE82300A2B0C7 /* SceneDelegate.swift */; };
		D4EFAAC6264EE82300A2B0C7 /* ViewController.swift in Sources */ = {isa = PBXBuildFile; fileRef = D4EFAAC5264EE82300A2B0C7 /* ViewController.swift */; };
		D4EFAAC9264EE82300A2B0C7 /* Main.storyboard in Resources */ = {isa = PBXBuildFile; fileRef = D4EFAAC7264EE82300A2B0C7 /* Main.storyboard */; };
		D4EFAACB264EE82400A2B0C7 /* Assets.xcassets in Resources */ = {isa = PBXBuildFile; fileRef = D4EFAACA264EE82400A2B0C7 /* Assets.xcassets */; };
		D4EFAACE264EE82400A2B0C7 /* LaunchScreen.storyboard in Resources */ = {isa = PBXBuildFile; fileRef = D4EFAACC264EE82400A2B0C7 /* LaunchScreen.storyboard */; };
		D4EFAAEC264EE89700A2B0C7 /* lobby.png in Resources */ = {isa = PBXBuildFile; fileRef = D4EFAAD7264EE89700A2B0C7 /* lobby.png */; };
		D4EFAAED264EE89700A2B0C7 /* battlebg.png in Resources */ = {isa = PBXBuildFile; fileRef = D4EFAAD8264EE89700A2B0C7 /* battlebg.png */; };
		D4EFAAEE264EE89700A2B0C7 /* bgimage.jpg in Resources */ = {isa = PBXBuildFile; fileRef = D4EFAAD9264EE89700A2B0C7 /* bgimage.jpg */; };
		D4EFAAEF264EE89700A2B0C7 /* waku.png in Resources */ = {isa = PBXBuildFile; fileRef = D4EFAADA264EE89700A2B0C7 /* waku.png */; };
		D4EFAAF0264EE89700A2B0C7 /* gold_button.png in Resources */ = {isa = PBXBuildFile; fileRef = D4EFAADB264EE89700A2B0C7 /* gold_button.png */; };
		D4EFAAF1264EE89700A2B0C7 /* yusya.png in Resources */ = {isa = PBXBuildFile; fileRef = D4EFAADC264EE89700A2B0C7 /* yusya.png */; };
		D4EFAAF2264EE89700A2B0C7 /* monster.png in Resources */ = {isa = PBXBuildFile; fileRef = D4EFAADD264EE89700A2B0C7 /* monster.png */; };
		D4EFAAF3264EE89700A2B0C7 /* Enemy.swift in Sources */ = {isa = PBXBuildFile; fileRef = D4EFAADF264EE89700A2B0C7 /* Enemy.swift */; };
		D4EFAAF4264EE89700A2B0C7 /* TechDraUtil.swift in Sources */ = {isa = PBXBuildFile; fileRef = D4EFAAE0264EE89700A2B0C7 /* TechDraUtil.swift */; };
		D4EFAAF5264EE89700A2B0C7 /* Player.swift in Sources */ = {isa = PBXBuildFile; fileRef = D4EFAAE1264EE89700A2B0C7 /* Player.swift */; };
		D4EFAAF6264EE89700A2B0C7 /* SE_fanfare.mp3 in Resources */ = {isa = PBXBuildFile; fileRef = D4EFAAE3264EE89700A2B0C7 /* SE_fanfare.mp3 */; };
		D4EFAAF7264EE89700A2B0C7 /* BGM_battle001.mp3 in Resources */ = {isa = PBXBuildFile; fileRef = D4EFAAE4264EE89700A2B0C7 /* BGM_battle001.mp3 */; };
		D4EFAAF8264EE89700A2B0C7 /* SE_fire.mp3 in Resources */ = {isa = PBXBuildFile; fileRef = D4EFAAE5264EE89700A2B0C7 /* SE_fire.mp3 */; };
		D4EFAAF9264EE89700A2B0C7 /* SE_attack.mp3 in Resources */ = {isa = PBXBuildFile; fileRef = D4EFAAE6264EE89700A2B0C7 /* SE_attack.mp3 */; };
		D4EFAAFA264EE89700A2B0C7 /* SE_gameover.mp3 in Resources */ = {isa = PBXBuildFile; fileRef = D4EFAAE7264EE89700A2B0C7 /* SE_gameover.mp3 */; };
		D4EFAAFB264EE89700A2B0C7 /* SE_charge.mp3 in Resources */ = {isa = PBXBuildFile; fileRef = D4EFAAE8264EE89700A2B0C7 /* SE_charge.mp3 */; };
		D4EFAAFC264EE89700A2B0C7 /* lobby.mp3 in Resources */ = {isa = PBXBuildFile; fileRef = D4EFAAE9264EE89700A2B0C7 /* lobby.mp3 */; };
		D4EFAAFD264EE89700A2B0C7 /* misaki_gothic.ttf in Resources */ = {isa = PBXBuildFile; fileRef = D4EFAAEB264EE89700A2B0C7 /* misaki_gothic.ttf */; };
		D4EFAAFF264EF6CC00A2B0C7 /* LobbyViewController.swift in Sources */ = {isa = PBXBuildFile; fileRef = D4EFAAFE264EF6CC00A2B0C7 /* LobbyViewController.swift */; };
		D4EFAB01264EF70B00A2B0C7 /* BattleViewController.swift in Sources */ = {isa = PBXBuildFile; fileRef = D4EFAB00264EF70B00A2B0C7 /* BattleViewController.swift */; };
/* End PBXBuildFile section */

/* Begin PBXFileReference section */
		D4EFAABE264EE82300A2B0C7 /* TechMonster.app */ = {isa = PBXFileReference; explicitFileType = wrapper.application; includeInIndex = 0; path = TechMonster.app; sourceTree = BUILT_PRODUCTS_DIR; };
		D4EFAAC1264EE82300A2B0C7 /* AppDelegate.swift */ = {isa = PBXFileReference; lastKnownFileType = sourcecode.swift; path = AppDelegate.swift; sourceTree = "<group>"; };
		D4EFAAC3264EE82300A2B0C7 /* SceneDelegate.swift */ = {isa = PBXFileReference; lastKnownFileType = sourcecode.swift; path = SceneDelegate.swift; sourceTree = "<group>"; };
		D4EFAAC5264EE82300A2B0C7 /* ViewController.swift */ = {isa = PBXFileReference; lastKnownFileType = sourcecode.swift; path = ViewController.swift; sourceTree = "<group>"; };
		D4EFAAC8264EE82300A2B0C7 /* Base */ = {isa = PBXFileReference; lastKnownFileType = file.storyboard; name = Base; path = Base.lproj/Main.storyboard; sourceTree = "<group>"; };
		D4EFAACA264EE82400A2B0C7 /* Assets.xcassets */ = {isa = PBXFileReference; lastKnownFileType = folder.assetcatalog; path = Assets.xcassets; sourceTree = "<group>"; };
		D4EFAACD264EE82400A2B0C7 /* Base */ = {isa = PBXFileReference; lastKnownFileType = file.storyboard; name = Base; path = Base.lproj/LaunchScreen.storyboard; sourceTree = "<group>"; };
		D4EFAACF264EE82400A2B0C7 /* Info.plist */ = {isa = PBXFileReference; lastKnownFileType = text.plist.xml; path = Info.plist; sourceTree = "<group>"; };
		D4EFAAD7264EE89700A2B0C7 /* lobby.png */ = {isa = PBXFileReference; lastKnownFileType = image.png; path = lobby.png; sourceTree = "<group>"; };
		D4EFAAD8264EE89700A2B0C7 /* battlebg.png */ = {isa = PBXFileReference; lastKnownFileType = image.png; path = battlebg.png; sourceTree = "<group>"; };
		D4EFAAD9264EE89700A2B0C7 /* bgimage.jpg */ = {isa = PBXFileReference; lastKnownFileType = image.jpeg; path = bgimage.jpg; sourceTree = "<group>"; };
		D4EFAADA264EE89700A2B0C7 /* waku.png */ = {isa = PBXFileReference; lastKnownFileType = image.png; path = waku.png; sourceTree = "<group>"; };
		D4EFAADB264EE89700A2B0C7 /* gold_button.png */ = {isa = PBXFileReference; lastKnownFileType = image.png; path = gold_button.png; sourceTree = "<group>"; };
		D4EFAADC264EE89700A2B0C7 /* yusya.png */ = {isa = PBXFileReference; lastKnownFileType = image.png; path = yusya.png; sourceTree = "<group>"; };
		D4EFAADD264EE89700A2B0C7 /* monster.png */ = {isa = PBXFileReference; lastKnownFileType = image.png; path = monster.png; sourceTree = "<group>"; };
		D4EFAADF264EE89700A2B0C7 /* Enemy.swift */ = {isa = PBXFileReference; fileEncoding = 4; lastKnownFileType = sourcecode.swift; path = Enemy.swift; sourceTree = "<group>"; };
		D4EFAAE0264EE89700A2B0C7 /* TechDraUtil.swift */ = {isa = PBXFileReference; fileEncoding = 4; lastKnownFileType = sourcecode.swift; path = TechDraUtil.swift; sourceTree = "<group>"; };
		D4EFAAE1264EE89700A2B0C7 /* Player.swift */ = {isa = PBXFileReference; fileEncoding = 4; lastKnownFileType = sourcecode.swift; path = Player.swift; sourceTree = "<group>"; };
		D4EFAAE3264EE89700A2B0C7 /* SE_fanfare.mp3 */ = {isa = PBXFileReference; lastKnownFileType = audio.mp3; path = SE_fanfare.mp3; sourceTree = "<group>"; };
		D4EFAAE4264EE89700A2B0C7 /* BGM_battle001.mp3 */ = {isa = PBXFileReference; lastKnownFileType = audio.mp3; path = BGM_battle001.mp3; sourceTree = "<group>"; };
		D4EFAAE5264EE89700A2B0C7 /* SE_fire.mp3 */ = {isa = PBXFileReference; lastKnownFileType = audio.mp3; path = SE_fire.mp3; sourceTree = "<group>"; };
		D4EFAAE6264EE89700A2B0C7 /* SE_attack.mp3 */ = {isa = PBXFileReference; lastKnownFileType = audio.mp3; path = SE_attack.mp3; sourceTree = "<group>"; };
		D4EFAAE7264EE89700A2B0C7 /* SE_gameover.mp3 */ = {isa = PBXFileReference; lastKnownFileType = audio.mp3; path = SE_gameover.mp3; sourceTree = "<group>"; };
		D4EFAAE8264EE89700A2B0C7 /* SE_charge.mp3 */ = {isa = PBXFileReference; lastKnownFileType = audio.mp3; path = SE_charge.mp3; sourceTree = "<group>"; };
		D4EFAAE9264EE89700A2B0C7 /* lobby.mp3 */ = {isa = PBXFileReference; lastKnownFileType = audio.mp3; path = lobby.mp3; sourceTree = "<group>"; };
		D4EFAAEB264EE89700A2B0C7 /* misaki_gothic.ttf */ = {isa = PBXFileReference; lastKnownFileType = file; path = misaki_gothic.ttf; sourceTree = "<group>"; };
		D4EFAAFE264EF6CC00A2B0C7 /* LobbyViewController.swift */ = {isa = PBXFileReference; lastKnownFileType = sourcecode.swift; path = LobbyViewController.swift; sourceTree = "<group>"; };
		D4EFAB00264EF70B00A2B0C7 /* BattleViewController.swift */ = {isa = PBXFileReference; lastKnownFileType = sourcecode.swift; path = BattleViewController.swift; sourceTree = "<group>"; };
/* End PBXFileReference section */

/* Begin PBXFrameworksBuildPhase section */
		D4EFAABB264EE82300A2B0C7 /* Frameworks */ = {
			isa = PBXFrameworksBuildPhase;
			buildActionMask = 2147483647;
			files = (
			);
			runOnlyForDeploymentPostprocessing = 0;
		};
/* End PBXFrameworksBuildPhase section */

/* Begin PBXGroup section */
		D4EFAAB5264EE82300A2B0C7 = {
			isa = PBXGroup;
			children = (
				D4EFAAD5264EE89700A2B0C7 /* TechMon_Resources */,
				D4EFAAC0264EE82300A2B0C7 /* TechMonster */,
				D4EFAABF264EE82300A2B0C7 /* Products */,
			);
			sourceTree = "<group>";
		};
		D4EFAABF264EE82300A2B0C7 /* Products */ = {
			isa = PBXGroup;
			children = (
				D4EFAABE264EE82300A2B0C7 /* TechMonster.app */,
			);
			name = Products;
			sourceTree = "<group>";
		};
		D4EFAAC0264EE82300A2B0C7 /* TechMonster */ = {
			isa = PBXGroup;
			children = (
				D4EFAAFE264EF6CC00A2B0C7 /* LobbyViewController.swift */,
				D4EFAAC1264EE82300A2B0C7 /* AppDelegate.swift */,
				D4EFAAC3264EE82300A2B0C7 /* SceneDelegate.swift */,
				D4EFAAC5264EE82300A2B0C7 /* ViewController.swift */,
				D4EFAB00264EF70B00A2B0C7 /* BattleViewController.swift */,
				D4EFAAC7264EE82300A2B0C7 /* Main.storyboard */,
				D4EFAACA264EE82400A2B0C7 /* Assets.xcassets */,
				D4EFAACC264EE82400A2B0C7 /* LaunchScreen.storyboard */,
				D4EFAACF264EE82400A2B0C7 /* Info.plist */,
			);
			path = TechMonster;
			sourceTree = "<group>";
		};
		D4EFAAD5264EE89700A2B0C7 /* TechMon_Resources */ = {
			isa = PBXGroup;
			children = (
				D4EFAAD6264EE89700A2B0C7 /* Images */,
				D4EFAADE264EE89700A2B0C7 /* Models */,
				D4EFAAE2264EE89700A2B0C7 /* Sounds */,
				D4EFAAEA264EE89700A2B0C7 /* Fonts */,
			);
			path = TechMon_Resources;
			sourceTree = "<group>";
		};
		D4EFAAD6264EE89700A2B0C7 /* Images */ = {
			isa = PBXGroup;
			children = (
				D4EFAAD7264EE89700A2B0C7 /* lobby.png */,
				D4EFAAD8264EE89700A2B0C7 /* battlebg.png */,
				D4EFAAD9264EE89700A2B0C7 /* bgimage.jpg */,
				D4EFAADA264EE89700A2B0C7 /* waku.png */,
				D4EFAADB264EE89700A2B0C7 /* gold_button.png */,
				D4EFAADC264EE89700A2B0C7 /* yusya.png */,
				D4EFAADD264EE89700A2B0C7 /* monster.png */,
			);
			path = Images;
			sourceTree = "<group>";
		};
		D4EFAADE264EE89700A2B0C7 /* Models */ = {
			isa = PBXGroup;
			children = (
				D4EFAADF264EE89700A2B0C7 /* Enemy.swift */,
				D4EFAAE0264EE89700A2B0C7 /* TechDraUtil.swift */,
				D4EFAAE1264EE89700A2B0C7 /* Player.swift */,
			);
			path = Models;
			sourceTree = "<group>";
		};
		D4EFAAE2264EE89700A2B0C7 /* Sounds */ = {
			isa = PBXGroup;
			children = (
				D4EFAAE3264EE89700A2B0C7 /* SE_fanfare.mp3 */,
				D4EFAAE4264EE89700A2B0C7 /* BGM_battle001.mp3 */,
				D4EFAAE5264EE89700A2B0C7 /* SE_fire.mp3 */,
				D4EFAAE6264EE89700A2B0C7 /* SE_attack.mp3 */,
				D4EFAAE7264EE89700A2B0C7 /* SE_gameover.mp3 */,
				D4EFAAE8264EE89700A2B0C7 /* SE_charge.mp3 */,
				D4EFAAE9264EE89700A2B0C7 /* lobby.mp3 */,
			);
			path = Sounds;
			sourceTree = "<group>";
		};
		D4EFAAEA264EE89700A2B0C7 /* Fonts */ = {
			isa = PBXGroup;
			children = (
				D4EFAAEB264EE89700A2B0C7 /* misaki_gothic.ttf */,
			);
			path = Fonts;
			sourceTree = "<group>";
		};
/* End PBXGroup section */

/* Begin PBXNativeTarget section */
		D4EFAABD264EE82300A2B0C7 /* TechMonster */ = {
			isa = PBXNativeTarget;
			buildConfigurationList = D4EFAAD2264EE82400A2B0C7 /* Build configuration list for PBXNativeTarget "TechMonster" */;
			buildPhases = (
				D4EFAABA264EE82300A2B0C7 /* Sources */,
				D4EFAABB264EE82300A2B0C7 /* Frameworks */,
				D4EFAABC264EE82300A2B0C7 /* Resources */,
			);
			buildRules = (
			);
			dependencies = (
			);
			name = TechMonster;
			productName = TechMonster;
			productReference = D4EFAABE264EE82300A2B0C7 /* TechMonster.app */;
			productType = "com.apple.product-type.application";
		};
/* End PBXNativeTarget section */

/* Begin PBXProject section */
		D4EFAAB6264EE82300A2B0C7 /* Project object */ = {
			isa = PBXProject;
			attributes = {
				LastSwiftUpdateCheck = 1250;
				LastUpgradeCheck = 1250;
				TargetAttributes = {
					D4EFAABD264EE82300A2B0C7 = {
						CreatedOnToolsVersion = 12.5;
					};
				};
			};
			buildConfigurationList = D4EFAAB9264EE82300A2B0C7 /* Build configuration list for PBXProject "TechMonster" */;
			compatibilityVersion = "Xcode 9.3";
			developmentRegion = en;
			hasScannedForEncodings = 0;
			knownRegions = (
				en,
				Base,
			);
			mainGroup = D4EFAAB5264EE82300A2B0C7;
			productRefGroup = D4EFAABF264EE82300A2B0C7 /* Products */;
			projectDirPath = "";
			projectRoot = "";
			targets = (
				D4EFAABD264EE82300A2B0C7 /* TechMonster */,
			);
		};
/* End PBXProject section */

/* Begin PBXResourcesBuildPhase section */
		D4EFAABC264EE82300A2B0C7 /* Resources */ = {
			isa = PBXResourcesBuildPhase;
			buildActionMask = 2147483647;
			files = (
				D4EFAAF1264EE89700A2B0C7 /* yusya.png in Resources */,
				D4EFAAEE264EE89700A2B0C7 /* bgimage.jpg in Resources */,
				D4EFAAEF264EE89700A2B0C7 /* waku.png in Resources */,
				D4EFAAF6264EE89700A2B0C7 /* SE_fanfare.mp3 in Resources */,
				D4EFAAEC264EE89700A2B0C7 /* lobby.png in Resources */,
				D4EFAAF0264EE89700A2B0C7 /* gold_button.png in Resources */,
				D4EFAAF9264EE89700A2B0C7 /* SE_attack.mp3 in Resources */,
				D4EFAACE264EE82400A2B0C7 /* LaunchScreen.storyboard in Resources */,
				D4EFAAFC264EE89700A2B0C7 /* lobby.mp3 in Resources */,
				D4EFAACB264EE82400A2B0C7 /* Assets.xcassets in Resources */,
				D4EFAAFD264EE89700A2B0C7 /* misaki_gothic.ttf in Resources */,
				D4EFAAFA264EE89700A2B0C7 /* SE_gameover.mp3 in Resources */,
				D4EFAAED264EE89700A2B0C7 /* battlebg.png in Resources */,
				D4EFAAF7264EE89700A2B0C7 /* BGM_battle001.mp3 in Resources */,
				D4EFAAFB264EE89700A2B0C7 /* SE_charge.mp3 in Resources */,
				D4EFAAF8264EE89700A2B0C7 /* SE_fire.mp3 in Resources */,
				D4EFAAF2264EE89700A2B0C7 /* monster.png in Resources */,
				D4EFAAC9264EE82300A2B0C7 /* Main.storyboard in Resources */,
			);
			runOnlyForDeploymentPostprocessing = 0;
		};
/* End PBXResourcesBuildPhase section */

/* Begin PBXSourcesBuildPhase section */
		D4EFAABA264EE82300A2B0C7 /* Sources */ = {
			isa = PBXSourcesBuildPhase;
			buildActionMask = 2147483647;
			files = (
				D4EFAB01264EF70B00A2B0C7 /* BattleViewController.swift in Sources */,
				D4EFAAF3264EE89700A2B0C7 /* Enemy.swift in Sources */,
				D4EFAAC6264EE82300A2B0C7 /* ViewController.swift in Sources */,
				D4EFAAC2264EE82300A2B0C7 /* AppDelegate.swift in Sources */,
				D4EFAAC4264EE82300A2B0C7 /* SceneDelegate.swift in Sources */,
				D4EFAAFF264EF6CC00A2B0C7 /* LobbyViewController.swift in Sources */,
				D4EFAAF5264EE89700A2B0C7 /* Player.swift in Sources */,
				D4EFAAF4264EE89700A2B0C7 /* TechDraUtil.swift in Sources */,
			);
			runOnlyForDeploymentPostprocessing = 0;
		};
/* End PBXSourcesBuildPhase section */

/* Begin PBXVariantGroup section */
		D4EFAAC7264EE82300A2B0C7 /* Main.storyboard */ = {
			isa = PBXVariantGroup;
			children = (
				D4EFAAC8264EE82300A2B0C7 /* Base */,
			);
			name = Main.storyboard;
			sourceTree = "<group>";
		};
		D4EFAACC264EE82400A2B0C7 /* LaunchScreen.storyboard */ = {
			isa = PBXVariantGroup;
			children = (
				D4EFAACD264EE82400A2B0C7 /* Base */,
			);
			name = LaunchScreen.storyboard;
			sourceTree = "<group>";
		};
/* End PBXVariantGroup section */

/* Begin XCBuildConfiguration section */
		D4EFAAD0264EE82400A2B0C7 /* Debug */ = {
			isa = XCBuildConfiguration;
			buildSettings = {
				ALWAYS_SEARCH_USER_PATHS = NO;
				CLANG_ANALYZER_NONNULL = YES;
				CLANG_ANALYZER_NUMBER_OBJECT_CONVERSION = YES_AGGRESSIVE;
				CLANG_CXX_LANGUAGE_STANDARD = "gnu++14";
				CLANG_CXX_LIBRARY = "libc++";
				CLANG_ENABLE_MODULES = YES;
				CLANG_ENABLE_OBJC_ARC = YES;
				CLANG_ENABLE_OBJC_WEAK = YES;
				CLANG_WARN_BLOCK_CAPTURE_AUTORELEASING = YES;
				CLANG_WARN_BOOL_CONVERSION = YES;
				CLANG_WARN_COMMA = YES;
				CLANG_WARN_CONSTANT_CONVERSION = YES;
				CLANG_WARN_DEPRECATED_OBJC_IMPLEMENTATIONS = YES;
				CLANG_WARN_DIRECT_OBJC_ISA_USAGE = YES_ERROR;
				CLANG_WARN_DOCUMENTATION_COMMENTS = YES;
				CLANG_WARN_EMPTY_BODY = YES;
				CLANG_WARN_ENUM_CONVERSION = YES;
				CLANG_WARN_INFINITE_RECURSION = YES;
				CLANG_WARN_INT_CONVERSION = YES;
				CLANG_WARN_NON_LITERAL_NULL_CONVERSION = YES;
				CLANG_WARN_OBJC_IMPLICIT_RETAIN_SELF = YES;
				CLANG_WARN_OBJC_LITERAL_CONVERSION = YES;
				CLANG_WARN_OBJC_ROOT_CLASS = YES_ERROR;
				CLANG_WARN_QUOTED_INCLUDE_IN_FRAMEWORK_HEADER = YES;
				CLANG_WARN_RANGE_LOOP_ANALYSIS = YES;
				CLANG_WARN_STRICT_PROTOTYPES = YES;
				CLANG_WARN_SUSPICIOUS_MOVE = YES;
				CLANG_WARN_UNGUARDED_AVAILABILITY = YES_AGGRESSIVE;
				CLANG_WARN_UNREACHABLE_CODE = YES;
				CLANG_WARN__DUPLICATE_METHOD_MATCH = YES;
				COPY_PHASE_STRIP = NO;
				DEBUG_INFORMATION_FORMAT = dwarf;
				ENABLE_STRICT_OBJC_MSGSEND = YES;
				ENABLE_TESTABILITY = YES;
				GCC_C_LANGUAGE_STANDARD = gnu11;
				GCC_DYNAMIC_NO_PIC = NO;
				GCC_NO_COMMON_BLOCKS = YES;
				GCC_OPTIMIZATION_LEVEL = 0;
				GCC_PREPROCESSOR_DEFINITIONS = (
					"DEBUG=1",
					"$(inherited)",
				);
				GCC_WARN_64_TO_32_BIT_CONVERSION = YES;
				GCC_WARN_ABOUT_RETURN_TYPE = YES_ERROR;
				GCC_WARN_UNDECLARED_SELECTOR = YES;
				GCC_WARN_UNINITIALIZED_AUTOS = YES_AGGRESSIVE;
				GCC_WARN_UNUSED_FUNCTION = YES;
				GCC_WARN_UNUSED_VARIABLE = YES;
				IPHONEOS_DEPLOYMENT_TARGET = 14.5;
				MTL_ENABLE_DEBUG_INFO = INCLUDE_SOURCE;
				MTL_FAST_MATH = YES;
				ONLY_ACTIVE_ARCH = YES;
				SDKROOT = iphoneos;
				SWIFT_ACTIVE_COMPILATION_CONDITIONS = DEBUG;
				SWIFT_OPTIMIZATION_LEVEL = "-Onone";
			};
			name = Debug;
		};
		D4EFAAD1264EE82400A2B0C7 /* Release */ = {
			isa = XCBuildConfiguration;
			buildSettings = {
				ALWAYS_SEARCH_USER_PATHS = NO;
				CLANG_ANALYZER_NONNULL = YES;
				CLANG_ANALYZER_NUMBER_OBJECT_CONVERSION = YES_AGGRESSIVE;
				CLANG_CXX_LANGUAGE_STANDARD = "gnu++14";
				CLANG_CXX_LIBRARY = "libc++";
				CLANG_ENABLE_MODULES = YES;
				CLANG_ENABLE_OBJC_ARC = YES;
				CLANG_ENABLE_OBJC_WEAK = YES;
				CLANG_WARN_BLOCK_CAPTURE_AUTORELEASING = YES;
				CLANG_WARN_BOOL_CONVERSION = YES;
				CLANG_WARN_COMMA = YES;
				CLANG_WARN_CONSTANT_CONVERSION = YES;
				CLANG_WARN_DEPRECATED_OBJC_IMPLEMENTATIONS = YES;
				CLANG_WARN_DIRECT_OBJC_ISA_USAGE = YES_ERROR;
				CLANG_WARN_DOCUMENTATION_COMMENTS = YES;
				CLANG_WARN_EMPTY_BODY = YES;
				CLANG_WARN_ENUM_CONVERSION = YES;
				CLANG_WARN_INFINITE_RECURSION = YES;
				CLANG_WARN_INT_CONVERSION = YES;
				CLANG_WARN_NON_LITERAL_NULL_CONVERSION = YES;
				CLANG_WARN_OBJC_IMPLICIT_RETAIN_SELF = YES;
				CLANG_WARN_OBJC_LITERAL_CONVERSION = YES;
				CLANG_WARN_OBJC_ROOT_CLASS = YES_ERROR;
				CLANG_WARN_QUOTED_INCLUDE_IN_FRAMEWORK_HEADER = YES;
				CLANG_WARN_RANGE_LOOP_ANALYSIS = YES;
				CLANG_WARN_STRICT_PROTOTYPES = YES;
				CLANG_WARN_SUSPICIOUS_MOVE = YES;
				CLANG_WARN_UNGUARDED_AVAILABILITY = YES_AGGRESSIVE;
				CLANG_WARN_UNREACHABLE_CODE = YES;
				CLANG_WARN__DUPLICATE_METHOD_MATCH = YES;
				COPY_PHASE_STRIP = NO;
				DEBUG_INFORMATION_FORMAT = "dwarf-with-dsym";
				ENABLE_NS_ASSERTIONS = NO;
				ENABLE_STRICT_OBJC_MSGSEND = YES;
				GCC_C_LANGUAGE_STANDARD = gnu11;
				GCC_NO_COMMON_BLOCKS = YES;
				GCC_WARN_64_TO_32_BIT_CONVERSION = YES;
				GCC_WARN_ABOUT_RETURN_TYPE = YES_ERROR;
				GCC_WARN_UNDECLARED_SELECTOR = YES;
				GCC_WARN_UNINITIALIZED_AUTOS = YES_AGGRESSIVE;
				GCC_WARN_UNUSED_FUNCTION = YES;
				GCC_WARN_UNUSED_VARIABLE = YES;
				IPHONEOS_DEPLOYMENT_TARGET = 14.5;
				MTL_ENABLE_DEBUG_INFO = NO;
				MTL_FAST_MATH = YES;
				SDKROOT = iphoneos;
				SWIFT_COMPILATION_MODE = wholemodule;
				SWIFT_OPTIMIZATION_LEVEL = "-O";
				VALIDATE_PRODUCT = YES;
			};
			name = Release;
		};
		D4EFAAD3264EE82400A2B0C7 /* Debug */ = {
			isa = XCBuildConfiguration;
			buildSettings = {
				ASSETCATALOG_COMPILER_APPICON_NAME = AppIcon;
				ASSETCATALOG_COMPILER_GLOBAL_ACCENT_COLOR_NAME = AccentColor;
				CODE_SIGN_STYLE = Automatic;
				DEVELOPMENT_TEAM = 34U62PNZ69;
				INFOPLIST_FILE = TechMonster/Info.plist;
				LD_RUNPATH_SEARCH_PATHS = (
					"$(inherited)",
					"@executable_path/Frameworks",
				);
				PRODUCT_BUNDLE_IDENTIFIER = app.okuyama.john.TechMonster;
				PRODUCT_NAME = "$(TARGET_NAME)";
				SWIFT_VERSION = 5.0;
				TARGETED_DEVICE_FAMILY = "1,2";
			};
			name = Debug;
		};
		D4EFAAD4264EE82400A2B0C7 /* Release */ = {
			isa = XCBuildConfiguration;
			buildSettings = {
				ASSETCATALOG_COMPILER_APPICON_NAME = AppIcon;
				ASSETCATALOG_COMPILER_GLOBAL_ACCENT_COLOR_NAME = AccentColor;
				CODE_SIGN_STYLE = Automatic;
				DEVELOPMENT_TEAM = 34U62PNZ69;
				INFOPLIST_FILE = TechMonster/Info.plist;
				LD_RUNPATH_SEARCH_PATHS = (
					"$(inherited)",
					"@executable_path/Frameworks",
				);
				PRODUCT_BUNDLE_IDENTIFIER = app.okuyama.john.TechMonster;
				PRODUCT_NAME = "$(TARGET_NAME)";
				SWIFT_VERSION = 5.0;
				TARGETED_DEVICE_FAMILY = "1,2";
			};
			name = Release;
		};
/* End XCBuildConfiguration section */

/* Begin XCConfigurationList section */
		D4EFAAB9264EE82300A2B0C7 /* Build configuration list for PBXProject "TechMonster" */ = {
			isa = XCConfigurationList;
			buildConfigurations = (
				D4EFAAD0264EE82400A2B0C7 /* Debug */,
				D4EFAAD1264EE82400A2B0C7 /* Release */,
			);
			defaultConfigurationIsVisible = 0;
			defaultConfigurationName = Release;
		};
		D4EFAAD2264EE82400A2B0C7 /* Build configuration list for PBXNativeTarget "TechMonster" */ = {
			isa = XCConfigurationList;
			buildConfigurations = (
				D4EFAAD3264EE82400A2B0C7 /* Debug */,
				D4EFAAD4264EE82400A2B0C7 /* Release */,
			);
			defaultConfigurationIsVisible = 0;
			defaultConfigurationName = Release;
		};
/* End XCConfigurationList section */
	};
	rootObject = D4EFAAB6264EE82300A2B0C7 /* Project object */;
}
